
Microsoft Visual Studio Solution File, Format Version 12.00
# Visual Studio 15
VisualStudioVersion = 15.0.27421.1
MinimumVisualStudioVersion = 10.0.40219.1
Project("{FAE04EC0-301F-11D3-BF4B-00C04F79EFBC}") = "Weavers", "Weavers\Weavers.csproj", "{125585BF-7841-4CB0-92C5-01F23C2FBDA7}"
EndProject
Project("{FAE04EC0-301F-11D3-BF4B-00C04F79EFBC}") = "UseTheWeaver", "UseTheWeaver\UseTheWeaver.csproj", "{57317AC3-28D0-4120-9A69-951D94BE4B12}"
EndProject
Global
	GlobalSection(SolutionConfigurationPlatforms) = preSolution
		Debug|Any CPU = Debug|Any CPU
		Release|Any CPU = Release|Any CPU
	EndGlobalSection
	GlobalSection(ProjectConfigurationPlatforms) = postSolution
		{125585BF-7841-4CB0-92C5-01F23C2FBDA7}.Debug|Any CPU.ActiveCfg = Debug|Any CPU
		{125585BF-7841-4CB0-92C5-01F23C2FBDA7}.Debug|Any CPU.Build.0 = Debug|Any CPU
		{125585BF-7841-4CB0-92C5-01F23C2FBDA7}.Release|Any CPU.ActiveCfg = Release|Any CPU
		{125585BF-7841-4CB0-92C5-01F23C2FBDA7}.Release|Any CPU.Build.0 = Release|Any CPU
		{57317AC3-28D0-4120-9A69-951D94BE4B12}.Debug|Any CPU.ActiveCfg = Debug|Any CPU
		{57317AC3-28D0-4120-9A69-951D94BE4B12}.Debug|Any CPU.Build.0 = Debug|Any CPU
		{57317AC3-28D0-4120-9A69-951D94BE4B12}.Release|Any CPU.ActiveCfg = Release|Any CPU
		{57317AC3-28D0-4120-9A69-951D94BE4B12}.Release|Any CPU.Build.0 = Release|Any CPU
	EndGlobalSection
	GlobalSection(SolutionProperties) = preSolution
		HideSolutionNode = FALSE
	EndGlobalSection
	GlobalSection(ExtensibilityGlobals) = postSolution
		SolutionGuid = {9C144DF3-1181-4F26-9CD5-573692C999F4}
	EndGlobalSection
EndGlobal
